{
    "_readme": [
        "This file locks the dependencies of your project to a known state",
        "Read more about it at https://getcomposer.org/doc/01-basic-usage.md#composer-lock-the-lock-file",
        "This file is @generated automatically"
    ],
    "hash": "b95e80426dc6a83c9a656236e2683497",
    "content-hash": "d3620fc321dca988cc1ebb1aeb641983",
    "packages": [
        {
            "name": "mikemirten/zgrid",
            "version": "dev-master",
            "source": {
                "type": "git",
                "url": "https://github.com/mikemirten/zGrid.git",
                "reference": "c9bcf02fc8a8ce170d8dfd1e890bdf10f432222a"
            },
            "dist": {
                "type": "zip",
                "url": "https://api.github.com/repos/mikemirten/zGrid/zipball/c9bcf02fc8a8ce170d8dfd1e890bdf10f432222a",
                "reference": "c9bcf02fc8a8ce170d8dfd1e890bdf10f432222a",
                "shasum": ""
            },
            "require": {
                "php": ">=5.4.0"
            },
            "type": "library",
            "autoload": {
                "psr-0": {
                    "Zgrid\\": "src/"
                }
            },
            "notification-url": "https://packagist.org/downloads/",
            "license": [
                "GPL-3.0"
            ],
            "authors": [
                {
                    "name": "Mikemirten",
                    "email": "mikemirten@gmail.com"
                }
            ],
            "description": "zGRID core library",
            "keywords": [
                "grid",
                "library"
            ],
            "time": "2016-05-13 02:24:55"
        }
    ],
    "packages-dev": [],
    "aliases": [],
    "minimum-stability": "stable",
    "stability-flags": {
        "mikemirten/zgrid": 20
    },
    "prefer-stable": false,
    "prefer-lowest": false,
    "platform": {
        "php": ">=5.4"
    },
    "platform-dev": []
}
